// !$*UTF8*$!
{
	archiveVersion = 1;
	classes = {
	};
	objectVersion = 55;
	objects = {

/* Begin PBXBuildFile section */
		2B3E432B20D2F92D9A5DF7DA /* Pods_GroupBuilder.framework in Frameworks */ = {isa = PBXBuildFile; fileRef = E79A4DED5C7BE92D91D5435C /* Pods_GroupBuilder.framework */; };
		487B14662BE9D09C00F0864F /* LoginVC.swift in Sources */ = {isa = PBXBuildFile; fileRef = 487B14652BE9D09C00F0864F /* LoginVC.swift */; };
		48C15C8C2BE1DCD6002E33D9 /* AppDelegate.swift in Sources */ = {isa = PBXBuildFile; fileRef = 48C15C8B2BE1DCD6002E33D9 /* AppDelegate.swift */; };
		48C15C8E2BE1DCD6002E33D9 /* SceneDelegate.swift in Sources */ = {isa = PBXBuildFile; fileRef = 48C15C8D2BE1DCD6002E33D9 /* SceneDelegate.swift */; };
		48C15C932BE1DCD6002E33D9 /* Base in Resources */ = {isa = PBXBuildFile; fileRef = 48C15C922BE1DCD6002E33D9 /* Base */; };
		48C15C952BE1DCD8002E33D9 /* Assets.xcassets in Resources */ = {isa = PBXBuildFile; fileRef = 48C15C942BE1DCD8002E33D9 /* Assets.xcassets */; };
		48C15C982BE1DCD8002E33D9 /* Base in Resources */ = {isa = PBXBuildFile; fileRef = 48C15C972BE1DCD8002E33D9 /* Base */; };
		48C15CA82BE1E147002E33D9 /* LoginView.swift in Sources */ = {isa = PBXBuildFile; fileRef = 48C15CA72BE1E147002E33D9 /* LoginView.swift */; };
		48C15CAA2BE1E156002E33D9 /* LoginModel.swift in Sources */ = {isa = PBXBuildFile; fileRef = 48C15CA92BE1E156002E33D9 /* LoginModel.swift */; };
		48C15CAD2BE1E253002E33D9 /* FirebaseAuth in Frameworks */ = {isa = PBXBuildFile; productRef = 48C15CAC2BE1E253002E33D9 /* FirebaseAuth */; };
		48C15CAF2BE1E2AD002E33D9 /* FirebaseDatabase in Frameworks */ = {isa = PBXBuildFile; productRef = 48C15CAE2BE1E2AD002E33D9 /* FirebaseDatabase */; };
		48DA2BC12BED8FD7004FCBBD /* ProgressVC.swift in Sources */ = {isa = PBXBuildFile; fileRef = 48DA2BC02BED8FD7004FCBBD /* ProgressVC.swift */; };
		48DA2BC32BED8FE6004FCBBD /* ProgressView.swift in Sources */ = {isa = PBXBuildFile; fileRef = 48DA2BC22BED8FE6004FCBBD /* ProgressView.swift */; };
		48DA2BC52BED8FF5004FCBBD /* ProgressModel.swift in Sources */ = {isa = PBXBuildFile; fileRef = 48DA2BC42BED8FF5004FCBBD /* ProgressModel.swift */; };
		48DA2BC72BED8FFF004FCBBD /* TodayModel.swift in Sources */ = {isa = PBXBuildFile; fileRef = 48DA2BC62BED8FFF004FCBBD /* TodayModel.swift */; };
		48DA2BC92BED9012004FCBBD /* TodayView.swift in Sources */ = {isa = PBXBuildFile; fileRef = 48DA2BC82BED9012004FCBBD /* TodayView.swift */; };
		48DA2BCB2BED901E004FCBBD /* TodayVC.swift in Sources */ = {isa = PBXBuildFile; fileRef = 48DA2BCA2BED901E004FCBBD /* TodayVC.swift */; };
		48DA2BCD2BED9032004FCBBD /* CalendarVC.swift in Sources */ = {isa = PBXBuildFile; fileRef = 48DA2BCC2BED9032004FCBBD /* CalendarVC.swift */; };
		48DA2BCF2BED903F004FCBBD /* CalendarView.swift in Sources */ = {isa = PBXBuildFile; fileRef = 48DA2BCE2BED903F004FCBBD /* CalendarView.swift */; };
		48DA2BD12BED904C004FCBBD /* CalendarModel.swift in Sources */ = {isa = PBXBuildFile; fileRef = 48DA2BD02BED904C004FCBBD /* CalendarModel.swift */; };
/* End PBXBuildFile section */

/* Begin PBXFileReference section */
		487B14652BE9D09C00F0864F /* LoginVC.swift */ = {isa = PBXFileReference; lastKnownFileType = sourcecode.swift; path = LoginVC.swift; sourceTree = "<group>"; };
		48C15C882BE1DCD6002E33D9 /* GroupBuilder.app */ = {isa = PBXFileReference; explicitFileType = wrapper.application; includeInIndex = 0; path = GroupBuilder.app; sourceTree = BUILT_PRODUCTS_DIR; };
		48C15C8B2BE1DCD6002E33D9 /* AppDelegate.swift */ = {isa = PBXFileReference; lastKnownFileType = sourcecode.swift; path = AppDelegate.swift; sourceTree = "<group>"; };
		48C15C8D2BE1DCD6002E33D9 /* SceneDelegate.swift */ = {isa = PBXFileReference; lastKnownFileType = sourcecode.swift; path = SceneDelegate.swift; sourceTree = "<group>"; };
		48C15C922BE1DCD6002E33D9 /* Base */ = {isa = PBXFileReference; lastKnownFileType = file.storyboard; name = Base; path = Base.lproj/Main.storyboard; sourceTree = "<group>"; };
		48C15C942BE1DCD8002E33D9 /* Assets.xcassets */ = {isa = PBXFileReference; lastKnownFileType = folder.assetcatalog; path = Assets.xcassets; sourceTree = "<group>"; };
		48C15C972BE1DCD8002E33D9 /* Base */ = {isa = PBXFileReference; lastKnownFileType = file.storyboard; name = Base; path = Base.lproj/LaunchScreen.storyboard; sourceTree = "<group>"; };
		48C15C992BE1DCD8002E33D9 /* Info.plist */ = {isa = PBXFileReference; lastKnownFileType = text.plist.xml; path = Info.plist; sourceTree = "<group>"; };
		48C15CA72BE1E147002E33D9 /* LoginView.swift */ = {isa = PBXFileReference; lastKnownFileType = sourcecode.swift; path = LoginView.swift; sourceTree = "<group>"; };
		48C15CA92BE1E156002E33D9 /* LoginModel.swift */ = {isa = PBXFileReference; lastKnownFileType = sourcecode.swift; path = LoginModel.swift; sourceTree = "<group>"; };
		48DA2BC02BED8FD7004FCBBD /* ProgressVC.swift */ = {isa = PBXFileReference; lastKnownFileType = sourcecode.swift; path = ProgressVC.swift; sourceTree = "<group>"; };
		48DA2BC22BED8FE6004FCBBD /* ProgressView.swift */ = {isa = PBXFileReference; lastKnownFileType = sourcecode.swift; path = ProgressView.swift; sourceTree = "<group>"; };
		48DA2BC42BED8FF5004FCBBD /* ProgressModel.swift */ = {isa = PBXFileReference; lastKnownFileType = sourcecode.swift; path = ProgressModel.swift; sourceTree = "<group>"; };
		48DA2BC62BED8FFF004FCBBD /* TodayModel.swift */ = {isa = PBXFileReference; lastKnownFileType = sourcecode.swift; path = TodayModel.swift; sourceTree = "<group>"; };
		48DA2BC82BED9012004FCBBD /* TodayView.swift */ = {isa = PBXFileReference; lastKnownFileType = sourcecode.swift; path = TodayView.swift; sourceTree = "<group>"; };
		48DA2BCA2BED901E004FCBBD /* TodayVC.swift */ = {isa = PBXFileReference; lastKnownFileType = sourcecode.swift; path = TodayVC.swift; sourceTree = "<group>"; };
		48DA2BCC2BED9032004FCBBD /* CalendarVC.swift */ = {isa = PBXFileReference; lastKnownFileType = sourcecode.swift; path = CalendarVC.swift; sourceTree = "<group>"; };
		48DA2BCE2BED903F004FCBBD /* CalendarView.swift */ = {isa = PBXFileReference; lastKnownFileType = sourcecode.swift; path = CalendarView.swift; sourceTree = "<group>"; };
		48DA2BD02BED904C004FCBBD /* CalendarModel.swift */ = {isa = PBXFileReference; lastKnownFileType = sourcecode.swift; path = CalendarModel.swift; sourceTree = "<group>"; };
		48FA8F832BF6BE5E00C5A0BF /* GroupBuilder.entitlements */ = {isa = PBXFileReference; lastKnownFileType = text.plist.entitlements; path = GroupBuilder.entitlements; sourceTree = "<group>"; };
		5290625F37DCD99B56C8F15C /* Pods-GroupBuilder.release.xcconfig */ = {isa = PBXFileReference; includeInIndex = 1; lastKnownFileType = text.xcconfig; name = "Pods-GroupBuilder.release.xcconfig"; path = "Target Support Files/Pods-GroupBuilder/Pods-GroupBuilder.release.xcconfig"; sourceTree = "<group>"; };
		E79A4DED5C7BE92D91D5435C /* Pods_GroupBuilder.framework */ = {isa = PBXFileReference; explicitFileType = wrapper.framework; includeInIndex = 0; path = Pods_GroupBuilder.framework; sourceTree = BUILT_PRODUCTS_DIR; };
		FC413C5468F62E246F1E6F17 /* Pods-GroupBuilder.debug.xcconfig */ = {isa = PBXFileReference; includeInIndex = 1; lastKnownFileType = text.xcconfig; name = "Pods-GroupBuilder.debug.xcconfig"; path = "Target Support Files/Pods-GroupBuilder/Pods-GroupBuilder.debug.xcconfig"; sourceTree = "<group>"; };
/* End PBXFileReference section */

/* Begin PBXFrameworksBuildPhase section */
		48C15C852BE1DCD6002E33D9 /* Frameworks */ = {
			isa = PBXFrameworksBuildPhase;
			buildActionMask = 2147483647;
			files = (
				48C15CAF2BE1E2AD002E33D9 /* FirebaseDatabase in Frameworks */,
				48C15CAD2BE1E253002E33D9 /* FirebaseAuth in Frameworks */,
				2B3E432B20D2F92D9A5DF7DA /* Pods_GroupBuilder.framework in Frameworks */,
			);
			runOnlyForDeploymentPostprocessing = 0;
		};
/* End PBXFrameworksBuildPhase section */

/* Begin PBXGroup section */
		48C15C7F2BE1DCD6002E33D9 = {
			isa = PBXGroup;
			children = (
				48C15C8A2BE1DCD6002E33D9 /* GroupBuilder */,
				48C15C892BE1DCD6002E33D9 /* Products */,
				48C15CAB2BE1E253002E33D9 /* Frameworks */,
				C4B252444E5A54FB06AC4193 /* Pods */,
			);
			sourceTree = "<group>";
		};
		48C15C892BE1DCD6002E33D9 /* Products */ = {
			isa = PBXGroup;
			children = (
				48C15C882BE1DCD6002E33D9 /* GroupBuilder.app */,
			);
			name = Products;
			sourceTree = "<group>";
		};
		48C15C8A2BE1DCD6002E33D9 /* GroupBuilder */ = {
			isa = PBXGroup;
			children = (
				48FA8F832BF6BE5E00C5A0BF /* GroupBuilder.entitlements */,
				48C15CA22BE1DD99002E33D9 /* VCs */,
				48C15CA12BE1DD94002E33D9 /* Font */,
				48C15C9F2BE1DD81002E33D9 /* Extensions */,
				48C15C8B2BE1DCD6002E33D9 /* AppDelegate.swift */,
				48C15C8D2BE1DCD6002E33D9 /* SceneDelegate.swift */,
				48C15C912BE1DCD6002E33D9 /* Main.storyboard */,
				48C15C942BE1DCD8002E33D9 /* Assets.xcassets */,
				48C15C962BE1DCD8002E33D9 /* LaunchScreen.storyboard */,
				48C15C992BE1DCD8002E33D9 /* Info.plist */,
			);
			path = GroupBuilder;
			sourceTree = "<group>";
		};
		48C15C9F2BE1DD81002E33D9 /* Extensions */ = {
			isa = PBXGroup;
			children = (
			);
			path = Extensions;
			sourceTree = "<group>";
		};
		48C15CA12BE1DD94002E33D9 /* Font */ = {
			isa = PBXGroup;
			children = (
			);
			path = Font;
			sourceTree = "<group>";
		};
		48C15CA22BE1DD99002E33D9 /* VCs */ = {
			isa = PBXGroup;
			children = (
				48DA2BBF2BED8FB8004FCBBD /* Calendar */,
				48DA2BBE2BED8FA9004FCBBD /* Today */,
				48DA2BBD2BED8F89004FCBBD /* Progress */,
				48C15CA42BE1E0E9002E33D9 /* Login */,
			);
			path = VCs;
			sourceTree = "<group>";
		};
		48C15CA42BE1E0E9002E33D9 /* Login */ = {
			isa = PBXGroup;
			children = (
				487B14652BE9D09C00F0864F /* LoginVC.swift */,
				48C15CA72BE1E147002E33D9 /* LoginView.swift */,
				48C15CA92BE1E156002E33D9 /* LoginModel.swift */,
			);
			path = Login;
			sourceTree = "<group>";
		};
		48C15CAB2BE1E253002E33D9 /* Frameworks */ = {
			isa = PBXGroup;
			children = (
				E79A4DED5C7BE92D91D5435C /* Pods_GroupBuilder.framework */,
			);
			name = Frameworks;
			sourceTree = "<group>";
		};
		48DA2BBD2BED8F89004FCBBD /* Progress */ = {
			isa = PBXGroup;
			children = (
				48DA2BC02BED8FD7004FCBBD /* ProgressVC.swift */,
				48DA2BC22BED8FE6004FCBBD /* ProgressView.swift */,
				48DA2BC42BED8FF5004FCBBD /* ProgressModel.swift */,
			);
			path = Progress;
			sourceTree = "<group>";
		};
		48DA2BBE2BED8FA9004FCBBD /* Today */ = {
			isa = PBXGroup;
			children = (
				48DA2BCA2BED901E004FCBBD /* TodayVC.swift */,
				48DA2BC82BED9012004FCBBD /* TodayView.swift */,
				48DA2BC62BED8FFF004FCBBD /* TodayModel.swift */,
			);
			path = Today;
			sourceTree = "<group>";
		};
		48DA2BBF2BED8FB8004FCBBD /* Calendar */ = {
			isa = PBXGroup;
			children = (
				48DA2BCC2BED9032004FCBBD /* CalendarVC.swift */,
				48DA2BCE2BED903F004FCBBD /* CalendarView.swift */,
				48DA2BD02BED904C004FCBBD /* CalendarModel.swift */,
			);
			path = Calendar;
			sourceTree = "<group>";
		};
		C4B252444E5A54FB06AC4193 /* Pods */ = {
			isa = PBXGroup;
			children = (
				FC413C5468F62E246F1E6F17 /* Pods-GroupBuilder.debug.xcconfig */,
				5290625F37DCD99B56C8F15C /* Pods-GroupBuilder.release.xcconfig */,
			);
			path = Pods;
			sourceTree = "<group>";
		};
/* End PBXGroup section */

/* Begin PBXNativeTarget section */
		48C15C872BE1DCD6002E33D9 /* GroupBuilder */ = {
			isa = PBXNativeTarget;
			buildConfigurationList = 48C15C9C2BE1DCD8002E33D9 /* Build configuration list for PBXNativeTarget "GroupBuilder" */;
			buildPhases = (
				3D9EEB1CC1F856C55BC1032C /* [CP] Check Pods Manifest.lock */,
				48C15C842BE1DCD6002E33D9 /* Sources */,
				48C15C852BE1DCD6002E33D9 /* Frameworks */,
				48C15C862BE1DCD6002E33D9 /* Resources */,
				C79A3FA20B97874758DB849D /* [CP] Embed Pods Frameworks */,
			);
			buildRules = (
			);
			dependencies = (
			);
			name = GroupBuilder;
			packageProductDependencies = (
				48C15CAC2BE1E253002E33D9 /* FirebaseAuth */,
				48C15CAE2BE1E2AD002E33D9 /* FirebaseDatabase */,
			);
			productName = GroupBuilder;
			productReference = 48C15C882BE1DCD6002E33D9 /* GroupBuilder.app */;
			productType = "com.apple.product-type.application";
		};
/* End PBXNativeTarget section */

/* Begin PBXProject section */
		48C15C802BE1DCD6002E33D9 /* Project object */ = {
			isa = PBXProject;
			attributes = {
				BuildIndependentTargetsInParallel = 1;
				LastSwiftUpdateCheck = 1530;
				LastUpgradeCheck = 1530;
				TargetAttributes = {
					48C15C872BE1DCD6002E33D9 = {
						CreatedOnToolsVersion = 15.3;
					};
				};
			};
			buildConfigurationList = 48C15C832BE1DCD6002E33D9 /* Build configuration list for PBXProject "GroupBuilder" */;
			compatibilityVersion = "Xcode 13.0";
			developmentRegion = en;
			hasScannedForEncodings = 0;
			knownRegions = (
				en,
				Base,
			);
			mainGroup = 48C15C7F2BE1DCD6002E33D9;
			packageReferences = (
				48C15CA32BE1DE2A002E33D9 /* XCRemoteSwiftPackageReference "firebase-ios-sdk" */,
			);
			productRefGroup = 48C15C892BE1DCD6002E33D9 /* Products */;
			projectDirPath = "";
			projectRoot = "";
			targets = (
				48C15C872BE1DCD6002E33D9 /* GroupBuilder */,
			);
		};
/* End PBXProject section */

/* Begin PBXResourcesBuildPhase section */
		48C15C862BE1DCD6002E33D9 /* Resources */ = {
			isa = PBXResourcesBuildPhase;
			buildActionMask = 2147483647;
			files = (
				48C15C952BE1DCD8002E33D9 /* Assets.xcassets in Resources */,
				48C15C982BE1DCD8002E33D9 /* Base in Resources */,
				48C15C932BE1DCD6002E33D9 /* Base in Resources */,
			);
			runOnlyForDeploymentPostprocessing = 0;
		};
/* End PBXResourcesBuildPhase section */

/* Begin PBXShellScriptBuildPhase section */
		3D9EEB1CC1F856C55BC1032C /* [CP] Check Pods Manifest.lock */ = {
			isa = PBXShellScriptBuildPhase;
			buildActionMask = 2147483647;
			files = (
			);
			inputFileListPaths = (
			);
			inputPaths = (
				"${PODS_PODFILE_DIR_PATH}/Podfile.lock",
				"${PODS_ROOT}/Manifest.lock",
			);
			name = "[CP] Check Pods Manifest.lock";
			outputFileListPaths = (
			);
			outputPaths = (
				"$(DERIVED_FILE_DIR)/Pods-GroupBuilder-checkManifestLockResult.txt",
			);
			runOnlyForDeploymentPostprocessing = 0;
			shellPath = /bin/sh;
			shellScript = "diff \"${PODS_PODFILE_DIR_PATH}/Podfile.lock\" \"${PODS_ROOT}/Manifest.lock\" > /dev/null\nif [ $? != 0 ] ; then\n    # print error to STDERR\n    echo \"error: The sandbox is not in sync with the Podfile.lock. Run 'pod install' or update your CocoaPods installation.\" >&2\n    exit 1\nfi\n# This output is used by Xcode 'outputs' to avoid re-running this script phase.\necho \"SUCCESS\" > \"${SCRIPT_OUTPUT_FILE_0}\"\n";
			showEnvVarsInLog = 0;
		};
		C79A3FA20B97874758DB849D /* [CP] Embed Pods Frameworks */ = {
			isa = PBXShellScriptBuildPhase;
			buildActionMask = 2147483647;
			files = (
			);
			inputFileListPaths = (
				"${PODS_ROOT}/Target Support Files/Pods-GroupBuilder/Pods-GroupBuilder-frameworks-${CONFIGURATION}-input-files.xcfilelist",
			);
			name = "[CP] Embed Pods Frameworks";
			outputFileListPaths = (
				"${PODS_ROOT}/Target Support Files/Pods-GroupBuilder/Pods-GroupBuilder-frameworks-${CONFIGURATION}-output-files.xcfilelist",
			);
			runOnlyForDeploymentPostprocessing = 0;
			shellPath = /bin/sh;
			shellScript = "\"${PODS_ROOT}/Target Support Files/Pods-GroupBuilder/Pods-GroupBuilder-frameworks.sh\"\n";
			showEnvVarsInLog = 0;
		};
/* End PBXShellScriptBuildPhase section */

/* Begin PBXSourcesBuildPhase section */
		48C15C842BE1DCD6002E33D9 /* Sources */ = {
			isa = PBXSourcesBuildPhase;
			buildActionMask = 2147483647;
			files = (
				48DA2BC52BED8FF5004FCBBD /* ProgressModel.swift in Sources */,
				48DA2BD12BED904C004FCBBD /* CalendarModel.swift in Sources */,
				48C15CAA2BE1E156002E33D9 /* LoginModel.swift in Sources */,
				48DA2BC72BED8FFF004FCBBD /* TodayModel.swift in Sources */,
				48DA2BC92BED9012004FCBBD /* TodayView.swift in Sources */,
				487B14662BE9D09C00F0864F /* LoginVC.swift in Sources */,
				48DA2BCB2BED901E004FCBBD /* TodayVC.swift in Sources */,
				48C15C8C2BE1DCD6002E33D9 /* AppDelegate.swift in Sources */,
				48DA2BCF2BED903F004FCBBD /* CalendarView.swift in Sources */,
				48C15CA82BE1E147002E33D9 /* LoginView.swift in Sources */,
				48DA2BC32BED8FE6004FCBBD /* ProgressView.swift in Sources */,
				48DA2BCD2BED9032004FCBBD /* CalendarVC.swift in Sources */,
				48DA2BC12BED8FD7004FCBBD /* ProgressVC.swift in Sources */,
				48C15C8E2BE1DCD6002E33D9 /* SceneDelegate.swift in Sources */,
			);
			runOnlyForDeploymentPostprocessing = 0;
		};
/* End PBXSourcesBuildPhase section */

/* Begin PBXVariantGroup section */
		48C15C912BE1DCD6002E33D9 /* Main.storyboard */ = {
			isa = PBXVariantGroup;
			children = (
				48C15C922BE1DCD6002E33D9 /* Base */,
			);
			name = Main.storyboard;
			sourceTree = "<group>";
		};
		48C15C962BE1DCD8002E33D9 /* LaunchScreen.storyboard */ = {
			isa = PBXVariantGroup;
			children = (
				48C15C972BE1DCD8002E33D9 /* Base */,
			);
			name = LaunchScreen.storyboard;
			sourceTree = "<group>";
		};
/* End PBXVariantGroup section */

/* Begin XCBuildConfiguration section */
		48C15C9A2BE1DCD8002E33D9 /* Debug */ = {
			isa = XCBuildConfiguration;
			buildSettings = {
				ALWAYS_SEARCH_USER_PATHS = NO;
				ASSETCATALOG_COMPILER_GENERATE_SWIFT_ASSET_SYMBOL_EXTENSIONS = YES;
				CLANG_ANALYZER_NONNULL = YES;
				CLANG_ANALYZER_NUMBER_OBJECT_CONVERSION = YES_AGGRESSIVE;
				CLANG_CXX_LANGUAGE_STANDARD = "gnu++20";
				CLANG_ENABLE_MODULES = YES;
				CLANG_ENABLE_OBJC_ARC = YES;
				CLANG_ENABLE_OBJC_WEAK = YES;
				CLANG_WARN_BLOCK_CAPTURE_AUTORELEASING = YES;
				CLANG_WARN_BOOL_CONVERSION = YES;
				CLANG_WARN_COMMA = YES;
				CLANG_WARN_CONSTANT_CONVERSION = YES;
				CLANG_WARN_DEPRECATED_OBJC_IMPLEMENTATIONS = YES;
				CLANG_WARN_DIRECT_OBJC_ISA_USAGE = YES_ERROR;
				CLANG_WARN_DOCUMENTATION_COMMENTS = YES;
				CLANG_WARN_EMPTY_BODY = YES;
				CLANG_WARN_ENUM_CONVERSION = YES;
				CLANG_WARN_INFINITE_RECURSION = YES;
				CLANG_WARN_INT_CONVERSION = YES;
				CLANG_WARN_NON_LITERAL_NULL_CONVERSION = YES;
				CLANG_WARN_OBJC_IMPLICIT_RETAIN_SELF = YES;
				CLANG_WARN_OBJC_LITERAL_CONVERSION = YES;
				CLANG_WARN_OBJC_ROOT_CLASS = YES_ERROR;
				CLANG_WARN_QUOTED_INCLUDE_IN_FRAMEWORK_HEADER = YES;
				CLANG_WARN_RANGE_LOOP_ANALYSIS = YES;
				CLANG_WARN_STRICT_PROTOTYPES = YES;
				CLANG_WARN_SUSPICIOUS_MOVE = YES;
				CLANG_WARN_UNGUARDED_AVAILABILITY = YES_AGGRESSIVE;
				CLANG_WARN_UNREACHABLE_CODE = YES;
				CLANG_WARN__DUPLICATE_METHOD_MATCH = YES;
				COPY_PHASE_STRIP = NO;
				DEBUG_INFORMATION_FORMAT = dwarf;
				ENABLE_STRICT_OBJC_MSGSEND = YES;
				ENABLE_TESTABILITY = YES;
				ENABLE_USER_SCRIPT_SANDBOXING = NO;
				GCC_C_LANGUAGE_STANDARD = gnu17;
				GCC_DYNAMIC_NO_PIC = NO;
				GCC_NO_COMMON_BLOCKS = YES;
				GCC_OPTIMIZATION_LEVEL = 0;
				GCC_PREPROCESSOR_DEFINITIONS = (
					"DEBUG=1",
					"$(inherited)",
				);
				GCC_WARN_64_TO_32_BIT_CONVERSION = YES;
				GCC_WARN_ABOUT_RETURN_TYPE = YES_ERROR;
				GCC_WARN_UNDECLARED_SELECTOR = YES;
				GCC_WARN_UNINITIALIZED_AUTOS = YES_AGGRESSIVE;
				GCC_WARN_UNUSED_FUNCTION = YES;
				GCC_WARN_UNUSED_VARIABLE = YES;
				IPHONEOS_DEPLOYMENT_TARGET = 15.0;
				LOCALIZATION_PREFERS_STRING_CATALOGS = YES;
				MTL_ENABLE_DEBUG_INFO = INCLUDE_SOURCE;
				MTL_FAST_MATH = YES;
				ONLY_ACTIVE_ARCH = YES;
				SDKROOT = iphoneos;
				SWIFT_ACTIVE_COMPILATION_CONDITIONS = "DEBUG $(inherited)";
				SWIFT_OPTIMIZATION_LEVEL = "-Onone";
			};
			name = Debug;
		};
		48C15C9B2BE1DCD8002E33D9 /* Release */ = {
			isa = XCBuildConfiguration;
			buildSettings = {
				ALWAYS_SEARCH_USER_PATHS = NO;
				ASSETCATALOG_COMPILER_GENERATE_SWIFT_ASSET_SYMBOL_EXTENSIONS = YES;
				CLANG_ANALYZER_NONNULL = YES;
				CLANG_ANALYZER_NUMBER_OBJECT_CONVERSION = YES_AGGRESSIVE;
				CLANG_CXX_LANGUAGE_STANDARD = "gnu++20";
				CLANG_ENABLE_MODULES = YES;
				CLANG_ENABLE_OBJC_ARC = YES;
				CLANG_ENABLE_OBJC_WEAK = YES;
				CLANG_WARN_BLOCK_CAPTURE_AUTORELEASING = YES;
				CLANG_WARN_BOOL_CONVERSION = YES;
				CLANG_WARN_COMMA = YES;
				CLANG_WARN_CONSTANT_CONVERSION = YES;
				CLANG_WARN_DEPRECATED_OBJC_IMPLEMENTATIONS = YES;
				CLANG_WARN_DIRECT_OBJC_ISA_USAGE = YES_ERROR;
				CLANG_WARN_DOCUMENTATION_COMMENTS = YES;
				CLANG_WARN_EMPTY_BODY = YES;
				CLANG_WARN_ENUM_CONVERSION = YES;
				CLANG_WARN_INFINITE_RECURSION = YES;
				CLANG_WARN_INT_CONVERSION = YES;
				CLANG_WARN_NON_LITERAL_NULL_CONVERSION = YES;
				CLANG_WARN_OBJC_IMPLICIT_RETAIN_SELF = YES;
				CLANG_WARN_OBJC_LITERAL_CONVERSION = YES;
				CLANG_WARN_OBJC_ROOT_CLASS = YES_ERROR;
				CLANG_WARN_QUOTED_INCLUDE_IN_FRAMEWORK_HEADER = YES;
				CLANG_WARN_RANGE_LOOP_ANALYSIS = YES;
				CLANG_WARN_STRICT_PROTOTYPES = YES;
				CLANG_WARN_SUSPICIOUS_MOVE = YES;
				CLANG_WARN_UNGUARDED_AVAILABILITY = YES_AGGRESSIVE;
				CLANG_WARN_UNREACHABLE_CODE = YES;
				CLANG_WARN__DUPLICATE_METHOD_MATCH = YES;
				COPY_PHASE_STRIP = NO;
				DEBUG_INFORMATION_FORMAT = "dwarf-with-dsym";
				ENABLE_NS_ASSERTIONS = NO;
				ENABLE_STRICT_OBJC_MSGSEND = YES;
				ENABLE_USER_SCRIPT_SANDBOXING = NO;
				GCC_C_LANGUAGE_STANDARD = gnu17;
				GCC_NO_COMMON_BLOCKS = YES;
				GCC_WARN_64_TO_32_BIT_CONVERSION = YES;
				GCC_WARN_ABOUT_RETURN_TYPE = YES_ERROR;
				GCC_WARN_UNDECLARED_SELECTOR = YES;
				GCC_WARN_UNINITIALIZED_AUTOS = YES_AGGRESSIVE;
				GCC_WARN_UNUSED_FUNCTION = YES;
				GCC_WARN_UNUSED_VARIABLE = YES;
				IPHONEOS_DEPLOYMENT_TARGET = 15.0;
				LOCALIZATION_PREFERS_STRING_CATALOGS = YES;
				MTL_ENABLE_DEBUG_INFO = NO;
				MTL_FAST_MATH = YES;
				SDKROOT = iphoneos;
				SWIFT_COMPILATION_MODE = wholemodule;
				VALIDATE_PRODUCT = YES;
			};
			name = Release;
		};
		48C15C9D2BE1DCD8002E33D9 /* Debug */ = {
			isa = XCBuildConfiguration;
			baseConfigurationReference = FC413C5468F62E246F1E6F17 /* Pods-GroupBuilder.debug.xcconfig */;
			buildSettings = {
				ASSETCATALOG_COMPILER_APPICON_NAME = AppIcon;
				ASSETCATALOG_COMPILER_GLOBAL_ACCENT_COLOR_NAME = AccentColor;
				CODE_SIGN_ENTITLEMENTS = GroupBuilder/GroupBuilder.entitlements;
				CODE_SIGN_STYLE = Automatic;
				CURRENT_PROJECT_VERSION = 1;
				DEVELOPMENT_TEAM = JDSC8J9R2Y;
				GENERATE_INFOPLIST_FILE = YES;
				INFOPLIST_FILE = GroupBuilder/Info.plist;
				INFOPLIST_KEY_UIApplicationSupportsIndirectInputEvents = YES;
				INFOPLIST_KEY_UILaunchStoryboardName = LaunchScreen;
				INFOPLIST_KEY_UIMainStoryboardFile = Main;
				INFOPLIST_KEY_UISupportedInterfaceOrientations_iPad = "UIInterfaceOrientationPortrait UIInterfaceOrientationPortraitUpsideDown UIInterfaceOrientationLandscapeLeft UIInterfaceOrientationLandscapeRight";
				INFOPLIST_KEY_UISupportedInterfaceOrientations_iPhone = "UIInterfaceOrientationPortrait UIInterfaceOrientationLandscapeLeft UIInterfaceOrientationLandscapeRight";
				LD_RUNPATH_SEARCH_PATHS = (
					"$(inherited)",
					"@executable_path/Frameworks",
				);
				MARKETING_VERSION = 1.0;
				PRODUCT_BUNDLE_IDENTIFIER = com.CW.GroupBuilder;
				PRODUCT_NAME = "$(TARGET_NAME)";
				SWIFT_EMIT_LOC_STRINGS = YES;
				SWIFT_VERSION = 5.0;
				TARGETED_DEVICE_FAMILY = "1,2";
			};
			name = Debug;
		};
		48C15C9E2BE1DCD8002E33D9 /* Release */ = {
			isa = XCBuildConfiguration;
			baseConfigurationReference = 5290625F37DCD99B56C8F15C /* Pods-GroupBuilder.release.xcconfig */;
			buildSettings = {
				ASSETCATALOG_COMPILER_APPICON_NAME = AppIcon;
				ASSETCATALOG_COMPILER_GLOBAL_ACCENT_COLOR_NAME = AccentColor;
				CODE_SIGN_ENTITLEMENTS = GroupBuilder/GroupBuilder.entitlements;
				CODE_SIGN_STYLE = Automatic;
				CURRENT_PROJECT_VERSION = 1;
				DEVELOPMENT_TEAM = JDSC8J9R2Y;
				GENERATE_INFOPLIST_FILE = YES;
				INFOPLIST_FILE = GroupBuilder/Info.plist;
				INFOPLIST_KEY_UIApplicationSupportsIndirectInputEvents = YES;
				INFOPLIST_KEY_UILaunchStoryboardName = LaunchScreen;
				INFOPLIST_KEY_UIMainStoryboardFile = Main;
				INFOPLIST_KEY_UISupportedInterfaceOrientations_iPad = "UIInterfaceOrientationPortrait UIInterfaceOrientationPortraitUpsideDown UIInterfaceOrientationLandscapeLeft UIInterfaceOrientationLandscapeRight";
				INFOPLIST_KEY_UISupportedInterfaceOrientations_iPhone = "UIInterfaceOrientationPortrait UIInterfaceOrientationLandscapeLeft UIInterfaceOrientationLandscapeRight";
				LD_RUNPATH_SEARCH_PATHS = (
					"$(inherited)",
					"@executable_path/Frameworks",
				);
				MARKETING_VERSION = 1.0;
				PRODUCT_BUNDLE_IDENTIFIER = com.CW.GroupBuilder;
				PRODUCT_NAME = "$(TARGET_NAME)";
				SWIFT_EMIT_LOC_STRINGS = YES;
				SWIFT_VERSION = 5.0;
				TARGETED_DEVICE_FAMILY = "1,2";
			};
			name = Release;
		};
/* End XCBuildConfiguration section */

/* Begin XCConfigurationList section */
		48C15C832BE1DCD6002E33D9 /* Build configuration list for PBXProject "GroupBuilder" */ = {
			isa = XCConfigurationList;
			buildConfigurations = (
				48C15C9A2BE1DCD8002E33D9 /* Debug */,
				48C15C9B2BE1DCD8002E33D9 /* Release */,
			);
			defaultConfigurationIsVisible = 0;
			defaultConfigurationName = Release;
		};
		48C15C9C2BE1DCD8002E33D9 /* Build configuration list for PBXNativeTarget "GroupBuilder" */ = {
			isa = XCConfigurationList;
			buildConfigurations = (
				48C15C9D2BE1DCD8002E33D9 /* Debug */,
				48C15C9E2BE1DCD8002E33D9 /* Release */,
			);
			defaultConfigurationIsVisible = 0;
			defaultConfigurationName = Release;
		};
/* End XCConfigurationList section */

/* Begin XCRemoteSwiftPackageReference section */
		48C15CA32BE1DE2A002E33D9 /* XCRemoteSwiftPackageReference "firebase-ios-sdk" */ = {
			isa = XCRemoteSwiftPackageReference;
			repositoryURL = "https://github.com/firebase/firebase-ios-sdk.git";
			requirement = {
				kind = upToNextMajorVersion;
				minimumVersion = 10.25.0;
			};
		};
/* End XCRemoteSwiftPackageReference section */

/* Begin XCSwiftPackageProductDependency section */
		48C15CAC2BE1E253002E33D9 /* FirebaseAuth */ = {
			isa = XCSwiftPackageProductDependency;
			package = 48C15CA32BE1DE2A002E33D9 /* XCRemoteSwiftPackageReference "firebase-ios-sdk" */;
			productName = FirebaseAuth;
		};
		48C15CAE2BE1E2AD002E33D9 /* FirebaseDatabase */ = {
			isa = XCSwiftPackageProductDependency;
			package = 48C15CA32BE1DE2A002E33D9 /* XCRemoteSwiftPackageReference "firebase-ios-sdk" */;
			productName = FirebaseDatabase;
		};
/* End XCSwiftPackageProductDependency section */
	};
	rootObject = 48C15C802BE1DCD6002E33D9 /* Project object */;
}
